<?xml version="1.0" encoding="utf-8"?>
<Project ToolsVersion="4.0" xmlns="http://schemas.microsoft.com/developer/msbuild/2003">
  <ItemGroup>
    <Filter Include="Sources">
      <UniqueIdentifier>{4FC737F1-C7A5-4376-A066-2A32D752A2FF}</UniqueIdentifier>
      <Extensions>cpp;c;cc;cxx;def;odl;idl;hpj;bat;asm;asmx</Extensions>
    </Filter>
    <Filter Include="Includes">
      <UniqueIdentifier>{93995380-89BD-4b04-88EB-625FBE52EBFB}</UniqueIdentifier>
      <Extensions>h;hh;hpp;hxx;hm;inl;inc;ipp;xsd</Extensions>
    </Filter>
    <Filter Include="Sources\Graphics">
      <UniqueIdentifier>{784224aa-95fd-4010-b82d-fa0770b10c5c}</UniqueIdentifier>
    </Filter>
    <Filter Include="Sources\Graphics\Effect">
      <UniqueIdentifier>{e887a67c-36f4-4523-86d5-2e7378603344}</UniqueIdentifier>
    </Filter>
    <Filter Include="Texture">
      <UniqueIdentifier>{e3b7ecd6-f9cb-41b7-a034-62a0cf46d031}</UniqueIdentifier>
    </Filter>
    <Filter Include="PCH">
      <UniqueIdentifier>{96a81eb2-48b3-4908-afa6-9cb46be40957}</UniqueIdentifier>
    </Filter>
    <Filter Include="Includes\Etc">
      <UniqueIdentifier>{115d6a84-d73d-4f41-8525-c1e8f6796b68}</UniqueIdentifier>
    </Filter>
    <Filter Include="Includes\Graphics">
      <UniqueIdentifier>{b16cb5e2-1ef9-47e0-994c-11393acbca91}</UniqueIdentifier>
    </Filter>
    <Filter Include="Includes\Graphics\Effect">
      <UniqueIdentifier>{f88b45bd-5f9f-469a-9942-b3c31b041aa8}</UniqueIdentifier>
    </Filter>
    <Filter Include="Resources">
      <UniqueIdentifier>{67DA6AB6-F800-4c08-8B7A-83BB121AAD01}</UniqueIdentifier>
      <Extensions>rc;ico;cur;bmp;dlg;rc2;rct;bin;rgs;gif;jpg;jpeg;jpe;resx;tiff;tif;png;wav;mfcribbon-ms</Extensions>
    </Filter>
    <Filter Include="Document">
      <UniqueIdentifier>{6681a2f4-9890-46aa-bb44-028ed1211b4c}</UniqueIdentifier>
    </Filter>
    <Filter Include="FX">
      <UniqueIdentifier>{1d0c9681-d504-4e77-a2c6-c69d21bdb26f}</UniqueIdentifier>
    </Filter>
    <Filter Include="Includes\Game">
      <UniqueIdentifier>{48eada1d-2448-4dcb-8eee-2a76acd2f279}</UniqueIdentifier>
    </Filter>
    <Filter Include="Sources\Game">
      <UniqueIdentifier>{4b08a841-baba-46e5-b220-a961ca17e38f}</UniqueIdentifier>
    </Filter>
    <Filter Include="Includes\Physics">
      <UniqueIdentifier>{0bb12d4f-83d6-4a33-a2eb-9943ce2b4028}</UniqueIdentifier>
    </Filter>
    <Filter Include="Sources\Physics">
      <UniqueIdentifier>{37edcf32-8297-4b1a-92e9-93510e76bcf6}</UniqueIdentifier>
    </Filter>
    <Filter Include="Includes\Util">
      <UniqueIdentifier>{80bb4778-8804-4377-b998-9a4f0dec846f}</UniqueIdentifier>
    </Filter>
    <Filter Include="Sources\Util">
      <UniqueIdentifier>{607526fa-3508-418f-ba8d-26c4b0c578c9}</UniqueIdentifier>
    </Filter>
  </ItemGroup>
  <ItemGroup>
    <ClInclude Include="stdafx.h">
      <Filter>PCH</Filter>
    </ClInclude>
    <ClInclude Include="Application.h">
      <Filter>Includes\Game</Filter>
    </ClInclude>
    <ClInclude Include="targetver.h">
      <Filter>Includes\Etc</Filter>
    </ClInclude>
    <ClInclude Include="Timer.h">
      <Filter>Includes\Util</Filter>
    </ClInclude>
    <ClInclude Include="Light.h">
      <Filter>Includes\Util</Filter>
    </ClInclude>
    <ClInclude Include="MathHelper.h">
      <Filter>Includes\Util</Filter>
    </ClInclude>
    <ClInclude Include="Unconstructable.h">
      <Filter>Includes\Util</Filter>
    </ClInclude>
    <ClInclude Include="Uncopiable.h">
      <Filter>Includes\Util</Filter>
    </ClInclude>
    <ClInclude Include="UsingNamespace.h">
      <Filter>Includes\Util</Filter>
    </ClInclude>
    <ClInclude Include="BasicEffect.h">
      <Filter>Includes\Graphics\Effect</Filter>
    </ClInclude>
    <ClInclude Include="BlurSSAOEffect.h">
      <Filter>Includes\Graphics\Effect</Filter>
    </ClInclude>
    <ClInclude Include="d3dx11effect.h">
      <Filter>Includes\Graphics\Effect</Filter>
    </ClInclude>
    <ClInclude Include="DebugScreenEffect.h">
      <Filter>Includes\Graphics\Effect</Filter>
    </ClInclude>
    <ClInclude Include="Effects.h">
      <Filter>Includes\Graphics\Effect</Filter>
    </ClInclude>
    <ClInclude Include="EffectWrapper.h">
      <Filter>Includes\Graphics\Effect</Filter>
    </ClInclude>
    <ClInclude Include="NormalDepthMapEffect.h">
      <Filter>Includes\Graphics\Effect</Filter>
    </ClInclude>
    <ClInclude Include="NormalMappingEffect.h">
      <Filter>Includes\Graphics\Effect</Filter>
    </ClInclude>
    <ClInclude Include="RenderTextureEffect.h">
      <Filter>Includes\Graphics\Effect</Filter>
    </ClInclude>
    <ClInclude Include="ShadowMapEffect.h">
      <Filter>Includes\Graphics\Effect</Filter>
    </ClInclude>
    <ClInclude Include="SSAOMapEffect.h">
      <Filter>Includes\Graphics\Effect</Filter>
    </ClInclude>
    <ClInclude Include="DebugScreen.h">
      <Filter>Includes\Graphics</Filter>
    </ClInclude>
    <ClInclude Include="InputVertex.h">
      <Filter>Includes\Graphics</Filter>
    </ClInclude>
    <ClInclude Include="Renderer.h">
      <Filter>Includes\Graphics</Filter>
    </ClInclude>
    <ClInclude Include="RenderStates.h">
      <Filter>Includes\Graphics</Filter>
    </ClInclude>
    <ClInclude Include="ShadowMap.h">
      <Filter>Includes\Graphics</Filter>
    </ClInclude>
    <ClInclude Include="SSAOMap.h">
      <Filter>Includes\Graphics</Filter>
    </ClInclude>
    <ClInclude Include="TextureManager.h">
      <Filter>Includes\Graphics</Filter>
    </ClInclude>
    <ClInclude Include="Resource.h">
      <Filter>Resources</Filter>
    </ClInclude>
    <ClInclude Include="Game.h">
      <Filter>Includes\Game</Filter>
    </ClInclude>
    <ClInclude Include="Macros.h">
      <Filter>Includes\Util</Filter>
    </ClInclude>
    <ClInclude Include="Scene.h">
      <Filter>Includes\Game</Filter>
    </ClInclude>
    <ClInclude Include="GeometryGenerator.h">
      <Filter>Includes\Util</Filter>
    </ClInclude>
    <ClInclude Include="Mesh.h">
      <Filter>Includes\Game</Filter>
    </ClInclude>
    <ClInclude Include="Model.h">
      <Filter>Includes\Game</Filter>
    </ClInclude>
    <ClInclude Include="GraphicComponent.h">
      <Filter>Includes\Graphics</Filter>
    </ClInclude>
    <ClInclude Include="SceneManager.h">
      <Filter>Includes\Game</Filter>
    </ClInclude>
    <ClInclude Include="GraphicComponentManager.h">
      <Filter>Includes\Graphics</Filter>
    </ClInclude>
    <ClInclude Include="Camera.h">
      <Filter>Includes\Graphics</Filter>
    </ClInclude>
    <ClInclude Include="RotationalCamera.h">
      <Filter>Includes\Graphics</Filter>
    </ClInclude>
    <ClInclude Include="FreeViewpointCamera.h">
      <Filter>Includes\Graphics</Filter>
    </ClInclude>
    <ClInclude Include="Scene01.h">
      <Filter>Includes\Game</Filter>
    </ClInclude>
    <ClInclude Include="Character.h">
      <Filter>Includes\Game</Filter>
    </ClInclude>
    <ClInclude Include="Collider.h">
      <Filter>Includes\Physics</Filter>
    </ClInclude>
    <ClInclude Include="CollisionManager.h">
      <Filter>Includes\Physics</Filter>
    </ClInclude>
    <ClInclude Include="PhysicsModel.h">
      <Filter>Includes\Physics</Filter>
    </ClInclude>
    <ClInclude Include="Constants.h">
      <Filter>Includes\Game</Filter>
    </ClInclude>
    <ClInclude Include="SphereCollider.h">
      <Filter>Includes\Physics</Filter>
    </ClInclude>
    <ClInclude Include="AABBCollider.h">
      <Filter>Includes\Physics</Filter>
    </ClInclude>
  </ItemGroup>
  <ItemGroup>
    <ClCompile Include="Effects.cpp">
      <Filter>Sources\Graphics\Effect</Filter>
    </ClCompile>
    <ClCompile Include="EffectWrapper.cpp">
      <Filter>Sources\Graphics\Effect</Filter>
    </ClCompile>
    <ClCompile Include="DebugScreenEffect.cpp">
      <Filter>Sources\Graphics\Effect</Filter>
    </ClCompile>
    <ClCompile Include="BlurSSAOEffect.cpp">
      <Filter>Sources\Graphics\Effect</Filter>
    </ClCompile>
    <ClCompile Include="BasicEffect.cpp">
      <Filter>Sources\Graphics\Effect</Filter>
    </ClCompile>
    <ClCompile Include="NormalDepthMapEffect.cpp">
      <Filter>Sources\Graphics\Effect</Filter>
    </ClCompile>
    <ClCompile Include="NormalMappingEffect.cpp">
      <Filter>Sources\Graphics\Effect</Filter>
    </ClCompile>
    <ClCompile Include="RenderTextureEffect.cpp">
      <Filter>Sources\Graphics\Effect</Filter>
    </ClCompile>
    <ClCompile Include="ShadowMapEffect.cpp">
      <Filter>Sources\Graphics\Effect</Filter>
    </ClCompile>
    <ClCompile Include="SSAOMapEffect.cpp">
      <Filter>Sources\Graphics\Effect</Filter>
    </ClCompile>
    <ClCompile Include="Main.cpp">
      <Filter>Sources\Game</Filter>
    </ClCompile>
    <ClCompile Include="Light.cpp">
      <Filter>Sources\Util</Filter>
    </ClCompile>
    <ClCompile Include="MathHelper.cpp">
      <Filter>Sources\Util</Filter>
    </ClCompile>
    <ClCompile Include="Timer.cpp">
      <Filter>Sources\Util</Filter>
    </ClCompile>
    <ClCompile Include="DebugScreen.cpp">
      <Filter>Sources\Graphics</Filter>
    </ClCompile>
    <ClCompile Include="InputVertex.cpp">
      <Filter>Sources\Graphics</Filter>
    </ClCompile>
    <ClCompile Include="Renderer.cpp">
      <Filter>Sources\Graphics</Filter>
    </ClCompile>
    <ClCompile Include="RenderStates.cpp">
      <Filter>Sources\Graphics</Filter>
    </ClCompile>
    <ClCompile Include="ShadowMap.cpp">
      <Filter>Sources\Graphics</Filter>
    </ClCompile>
    <ClCompile Include="SSAOMap.cpp">
      <Filter>Sources\Graphics</Filter>
    </ClCompile>
    <ClCompile Include="TextureManager.cpp">
      <Filter>Sources\Graphics</Filter>
    </ClCompile>
    <ClCompile Include="Application.cpp">
      <Filter>Sources\Game</Filter>
    </ClCompile>
    <ClCompile Include="stdafx.cpp">
      <Filter>PCH</Filter>
    </ClCompile>
    <ClCompile Include="Game.cpp">
      <Filter>Sources\Game</Filter>
    </ClCompile>
    <ClCompile Include="Scene.cpp">
      <Filter>Sources\Game</Filter>
    </ClCompile>
    <ClCompile Include="Model.cpp">
      <Filter>Sources\Game</Filter>
    </ClCompile>
    <ClCompile Include="Mesh.cpp">
      <Filter>Sources\Game</Filter>
    </ClCompile>
    <ClCompile Include="GeometryGenerator.cpp">
      <Filter>Sources\Util</Filter>
    </ClCompile>
    <ClCompile Include="GraphicComponent.cpp">
      <Filter>Sources\Graphics</Filter>
    </ClCompile>
    <ClCompile Include="SceneComponent.cpp">
      <Filter>Sources\Game</Filter>
    </ClCompile>
    <ClCompile Include="SceneManager.cpp">
      <Filter>Sources\Game</Filter>
    </ClCompile>
    <ClCompile Include="SceneComponentManager.cpp">
      <Filter>Sources\Game</Filter>
    </ClCompile>
    <ClCompile Include="GraphicComponentManager.cpp">
      <Filter>Sources\Graphics</Filter>
    </ClCompile>
    <ClCompile Include="Camera.cpp">
      <Filter>Sources\Graphics</Filter>
    </ClCompile>
    <ClCompile Include="RotationalCamera.cpp">
      <Filter>Sources\Graphics</Filter>
    </ClCompile>
    <ClCompile Include="FreeViewpointCamera.cpp">
      <Filter>Sources\Graphics</Filter>
    </ClCompile>
    <ClCompile Include="Scene01.cpp">
      <Filter>Sources\Game</Filter>
    </ClCompile>
    <ClCompile Include="Character.cpp">
      <Filter>Sources\Game</Filter>
    </ClCompile>
    <ClCompile Include="Collider.cpp">
      <Filter>Sources\Physics</Filter>
    </ClCompile>
    <ClCompile Include="CollisionManager.cpp">
      <Filter>Sources\Physics</Filter>
    </ClCompile>
    <ClCompile Include="PhysicsModel.cpp">
      <Filter>Sources\Physics</Filter>
    </ClCompile>
    <ClCompile Include="SphereCollider.cpp">
      <Filter>Sources\Physics</Filter>
    </ClCompile>
    <ClCompile Include="AABBCollider.cpp">
      <Filter>Sources\Physics</Filter>
    </ClCompile>
  </ItemGroup>
  <ItemGroup>
    <ResourceCompile Include="Chameleon-Run-Imitation.rc">
      <Filter>Resources</Filter>
    </ResourceCompile>
  </ItemGroup>
  <ItemGroup>
    <Image Include="small.ico">
      <Filter>Resources</Filter>
    </Image>
    <Image Include="Chameleon-Run-Imitation.ico">
      <Filter>Resources</Filter>
    </Image>
  </ItemGroup>
  <ItemGroup>
    <Text Include="..\TODO_LIST.txt">
      <Filter>Document</Filter>
    </Text>
    <Text Include="..\Composition.txt">
      <Filter>Document</Filter>
    </Text>
  </ItemGroup>
  <ItemGroup>
    <FxCompile Include="FX\NormalMapping.fx">
      <Filter>FX</Filter>
    </FxCompile>
    <FxCompile Include="FX\RenderTexture.fx">
      <Filter>FX</Filter>
    </FxCompile>
    <FxCompile Include="FX\ShadowMap.fx">
      <Filter>FX</Filter>
    </FxCompile>
    <FxCompile Include="FX\SSAOMap.fx">
      <Filter>FX</Filter>
    </FxCompile>
    <FxCompile Include="FX\Basic.fx">
      <Filter>FX</Filter>
    </FxCompile>
    <FxCompile Include="FX\BlurSSAOMap.fx">
      <Filter>FX</Filter>
    </FxCompile>
    <FxCompile Include="FX\DebugScreen.fx">
      <Filter>FX</Filter>
    </FxCompile>
    <FxCompile Include="FX\LightingHelper.fx">
      <Filter>FX</Filter>
    </FxCompile>
    <FxCompile Include="FX\NormalDepthMap.fx">
      <Filter>FX</Filter>
    </FxCompile>
  </ItemGroup>
</Project>